
Microsoft Visual Studio Solution File, Format Version 12.00
# Visual Studio Version 16
VisualStudioVersion = 16.0.29728.190
MinimumVisualStudioVersion = 10.0.40219.1
Project("{FAE04EC0-301F-11D3-BF4B-00C04F79EFBC}") = "Lab10", "Lab10\Lab10.csproj", "{839F1570-AE53-47BF-967D-36B65EBB0D16}"
EndProject
Global
	GlobalSection(SolutionConfigurationPlatforms) = preSolution
		Debug|Any CPU = Debug|Any CPU
		Release|Any CPU = Release|Any CPU
	EndGlobalSection
	GlobalSection(ProjectConfigurationPlatforms) = postSolution
		{839F1570-AE53-47BF-967D-36B65EBB0D16}.Debug|Any CPU.ActiveCfg = Debug|Any CPU
		{839F1570-AE53-47BF-967D-36B65EBB0D16}.Debug|Any CPU.Build.0 = Debug|Any CPU
		{839F1570-AE53-47BF-967D-36B65EBB0D16}.Release|Any CPU.ActiveCfg = Release|Any CPU
		{839F1570-AE53-47BF-967D-36B65EBB0D16}.Release|Any CPU.Build.0 = Release|Any CPU
	EndGlobalSection
	GlobalSection(SolutionProperties) = preSolution
		HideSolutionNode = FALSE
	EndGlobalSection
	GlobalSection(ExtensibilityGlobals) = postSolution
		SolutionGuid = {D8AAEA96-35A7-4587-9C5B-86602FF1D967}
	EndGlobalSection
EndGlobal
