
Microsoft Visual Studio Solution File, Format Version 12.00
# Visual Studio Version 16
VisualStudioVersion = 16.0.29728.190
MinimumVisualStudioVersion = 10.0.40219.1
Project("{FAE04EC0-301F-11D3-BF4B-00C04F79EFBC}") = "Mult_long", "Mult_long\Mult_long.csproj", "{087DE22F-BFE0-4268-A948-7E826229DC76}"
EndProject
Global
	GlobalSection(SolutionConfigurationPlatforms) = preSolution
		Debug|Any CPU = Debug|Any CPU
		Release|Any CPU = Release|Any CPU
	EndGlobalSection
	GlobalSection(ProjectConfigurationPlatforms) = postSolution
		{087DE22F-BFE0-4268-A948-7E826229DC76}.Debug|Any CPU.ActiveCfg = Debug|Any CPU
		{087DE22F-BFE0-4268-A948-7E826229DC76}.Debug|Any CPU.Build.0 = Debug|Any CPU
		{087DE22F-BFE0-4268-A948-7E826229DC76}.Release|Any CPU.ActiveCfg = Release|Any CPU
		{087DE22F-BFE0-4268-A948-7E826229DC76}.Release|Any CPU.Build.0 = Release|Any CPU
	EndGlobalSection
	GlobalSection(SolutionProperties) = preSolution
		HideSolutionNode = FALSE
	EndGlobalSection
	GlobalSection(ExtensibilityGlobals) = postSolution
		SolutionGuid = {30797750-CC46-41DA-8544-AAF215570883}
	EndGlobalSection
EndGlobal
