
Microsoft Visual Studio Solution File, Format Version 12.00
# Visual Studio Version 16
VisualStudioVersion = 16.0.29728.190
MinimumVisualStudioVersion = 10.0.40219.1
Project("{FAE04EC0-301F-11D3-BF4B-00C04F79EFBC}") = "lab16", "lab16\lab16.csproj", "{D8BB551D-5889-4071-BB0B-9880777A103B}"
EndProject
Global
	GlobalSection(SolutionConfigurationPlatforms) = preSolution
		Debug|Any CPU = Debug|Any CPU
		Release|Any CPU = Release|Any CPU
	EndGlobalSection
	GlobalSection(ProjectConfigurationPlatforms) = postSolution
		{D8BB551D-5889-4071-BB0B-9880777A103B}.Debug|Any CPU.ActiveCfg = Debug|Any CPU
		{D8BB551D-5889-4071-BB0B-9880777A103B}.Debug|Any CPU.Build.0 = Debug|Any CPU
		{D8BB551D-5889-4071-BB0B-9880777A103B}.Release|Any CPU.ActiveCfg = Release|Any CPU
		{D8BB551D-5889-4071-BB0B-9880777A103B}.Release|Any CPU.Build.0 = Release|Any CPU
	EndGlobalSection
	GlobalSection(SolutionProperties) = preSolution
		HideSolutionNode = FALSE
	EndGlobalSection
	GlobalSection(ExtensibilityGlobals) = postSolution
		SolutionGuid = {B7D72647-8E76-4A14-8C9F-6AE80B912376}
	EndGlobalSection
EndGlobal
