
Microsoft Visual Studio Solution File, Format Version 12.00
# Visual Studio Version 16
VisualStudioVersion = 16.0.29728.190
MinimumVisualStudioVersion = 10.0.40219.1
Project("{FAE04EC0-301F-11D3-BF4B-00C04F79EFBC}") = "lab8", "lab8\lab8.csproj", "{208BF411-99FB-4881-B7B0-CA8BE2F3528E}"
EndProject
Global
	GlobalSection(SolutionConfigurationPlatforms) = preSolution
		Debug|Any CPU = Debug|Any CPU
		Release|Any CPU = Release|Any CPU
	EndGlobalSection
	GlobalSection(ProjectConfigurationPlatforms) = postSolution
		{208BF411-99FB-4881-B7B0-CA8BE2F3528E}.Debug|Any CPU.ActiveCfg = Debug|Any CPU
		{208BF411-99FB-4881-B7B0-CA8BE2F3528E}.Debug|Any CPU.Build.0 = Debug|Any CPU
		{208BF411-99FB-4881-B7B0-CA8BE2F3528E}.Release|Any CPU.ActiveCfg = Release|Any CPU
		{208BF411-99FB-4881-B7B0-CA8BE2F3528E}.Release|Any CPU.Build.0 = Release|Any CPU
	EndGlobalSection
	GlobalSection(SolutionProperties) = preSolution
		HideSolutionNode = FALSE
	EndGlobalSection
	GlobalSection(ExtensibilityGlobals) = postSolution
		SolutionGuid = {9ED73FDE-921B-4B72-940F-3455D7E5A47B}
	EndGlobalSection
EndGlobal
